
Microsoft Visual Studio Solution File, Format Version 12.00
# Visual Studio Version 17
VisualStudioVersion = 17.8.34309.116
MinimumVisualStudioVersion = 10.0.40219.1
Project("{FAE04EC0-301F-11D3-BF4B-00C04F79EFBC}") = "NumbersToWords", "NumbersToWords\NumbersToWords.csproj", "{42D90542-1AB9-41A8-BFED-AC0B6E2145A5}"
EndProject
Global
	GlobalSection(SolutionConfigurationPlatforms) = preSolution
		Debug|Any CPU = Debug|Any CPU
		Release|Any CPU = Release|Any CPU
	EndGlobalSection
	GlobalSection(ProjectConfigurationPlatforms) = postSolution
		{42D90542-1AB9-41A8-BFED-AC0B6E2145A5}.Debug|Any CPU.ActiveCfg = Debug|Any CPU
		{42D90542-1AB9-41A8-BFED-AC0B6E2145A5}.Debug|Any CPU.Build.0 = Debug|Any CPU
		{42D90542-1AB9-41A8-BFED-AC0B6E2145A5}.Release|Any CPU.ActiveCfg = Release|Any CPU
		{42D90542-1AB9-41A8-BFED-AC0B6E2145A5}.Release|Any CPU.Build.0 = Release|Any CPU
	EndGlobalSection
	GlobalSection(SolutionProperties) = preSolution
		HideSolutionNode = FALSE
	EndGlobalSection
	GlobalSection(ExtensibilityGlobals) = postSolution
		SolutionGuid = {CCAD23A7-1C00-4B3B-AC28-9363A08B2DBF}
	EndGlobalSection
EndGlobal
